// !$*UTF8*$!
{
	archiveVersion = 1;
	classes = {
	};
	objectVersion = 52;
	objects = {

/* Begin PBXBuildFile section */
		B115919F271A049700046829 /* APIError.swift in Sources */ = {isa = PBXBuildFile; fileRef = B115919E271A049700046829 /* APIError.swift */; };
		B12154E22738274B00E4A667 /* Requisicao.swift in Sources */ = {isa = PBXBuildFile; fileRef = B12154E12738274B00E4A667 /* Requisicao.swift */; };
		B154304026EAB2DD00772F73 /* ConfiguracoesViewController.swift in Sources */ = {isa = PBXBuildFile; fileRef = B154303F26EAB2DD00772F73 /* ConfiguracoesViewController.swift */; };
		B155C3BC2700CAC600F22EE7 /* TrackingBRApp.docc in Sources */ = {isa = PBXBuildFile; fileRef = B155C3BB2700CAC600F22EE7 /* TrackingBRApp.docc */; };
		B1606D452720EF7900FF575D /* EncomendaParaAdicionarDTO.swift in Sources */ = {isa = PBXBuildFile; fileRef = B1606D442720EF7900FF575D /* EncomendaParaAdicionarDTO.swift */; };
		B1606D4C2721838F00FF575D /* GrandeTextField.swift in Sources */ = {isa = PBXBuildFile; fileRef = B1606D4B2721838F00FF575D /* GrandeTextField.swift */; };
		B182FC84270514D600914A46 /* EncomendaDetalhesViewController.swift in Sources */ = {isa = PBXBuildFile; fileRef = B182FC83270514D600914A46 /* EncomendaDetalhesViewController.swift */; };
		B182FC8627051A4200914A46 /* DetalhesHeaderFooterView.swift in Sources */ = {isa = PBXBuildFile; fileRef = B182FC8527051A4200914A46 /* DetalhesHeaderFooterView.swift */; };
		B1992770271DDCE100987AD9 /* Atlantis in Frameworks */ = {isa = PBXBuildFile; productRef = B199276F271DDCE100987AD9 /* Atlantis */; };
		B19C641826E797A100BA03F4 /* GerenciadorCoreData.swift in Sources */ = {isa = PBXBuildFile; fileRef = B19C641726E797A100BA03F4 /* GerenciadorCoreData.swift */; };
		B19C641E26E79A2A00BA03F4 /* EncomandasList.xcdatamodeld in Sources */ = {isa = PBXBuildFile; fileRef = B19C641C26E79A2A00BA03F4 /* EncomandasList.xcdatamodeld */; };
		B19C642126E7C99200BA03F4 /* AdicionarEditarViewController.swift in Sources */ = {isa = PBXBuildFile; fileRef = B19C642026E7C99200BA03F4 /* AdicionarEditarViewController.swift */; };
		B19C642526E8095000BA03F4 /* TextFieldFactory.swift in Sources */ = {isa = PBXBuildFile; fileRef = B19C642426E8095000BA03F4 /* TextFieldFactory.swift */; };
		B19C642726E8246300BA03F4 /* AdicionarEditarView.swift in Sources */ = {isa = PBXBuildFile; fileRef = B19C642626E8246300BA03F4 /* AdicionarEditarView.swift */; };
		B1C42FF726D3972E0004B613 /* Bindable.swift in Sources */ = {isa = PBXBuildFile; fileRef = B1C42FF626D3972E0004B613 /* Bindable.swift */; };
		B1CDE450270A43FB0036CB3C /* Toast in Frameworks */ = {isa = PBXBuildFile; productRef = B1CDE44F270A43FB0036CB3C /* Toast */; };
		B1D60A8626D3068200BA428C /* AppDelegate.swift in Sources */ = {isa = PBXBuildFile; fileRef = B1D60A8526D3068200BA428C /* AppDelegate.swift */; };
		B1D60A8826D3068200BA428C /* SceneDelegate.swift in Sources */ = {isa = PBXBuildFile; fileRef = B1D60A8726D3068200BA428C /* SceneDelegate.swift */; };
		B1D60A8A26D3068200BA428C /* PrincipalViewController.swift in Sources */ = {isa = PBXBuildFile; fileRef = B1D60A8926D3068200BA428C /* PrincipalViewController.swift */; };
		B1D60A8F26D3068300BA428C /* Assets.xcassets in Resources */ = {isa = PBXBuildFile; fileRef = B1D60A8E26D3068300BA428C /* Assets.xcassets */; };
		B1D60A9226D3068300BA428C /* LaunchScreen.storyboard in Resources */ = {isa = PBXBuildFile; fileRef = B1D60A9026D3068300BA428C /* LaunchScreen.storyboard */; };
		B1D60AA026D3079400BA428C /* Rastreio.swift in Sources */ = {isa = PBXBuildFile; fileRef = B1D60A9F26D3079400BA428C /* Rastreio.swift */; };
		B1D60AA226D307F100BA428C /* Repositorio.swift in Sources */ = {isa = PBXBuildFile; fileRef = B1D60AA126D307F100BA428C /* Repositorio.swift */; };
		B1D60AA426D309D400BA428C /* PrincipalViewModel.swift in Sources */ = {isa = PBXBuildFile; fileRef = B1D60AA326D309D400BA428C /* PrincipalViewModel.swift */; };
		B1D60AA826D310B700BA428C /* PrincipalView.swift in Sources */ = {isa = PBXBuildFile; fileRef = B1D60AA726D310B700BA428C /* PrincipalView.swift */; };
		B1D60AAB26D3127000BA428C /* DTFButton.swift in Sources */ = {isa = PBXBuildFile; fileRef = B1D60AAA26D3127000BA428C /* DTFButton.swift */; };
		B1D60AAD26D3127D00BA428C /* DTFLabel.swift in Sources */ = {isa = PBXBuildFile; fileRef = B1D60AAC26D3127D00BA428C /* DTFLabel.swift */; };
		B1DF2CEA26F189C600298B1C /* AdicionarEditarViewModel.swift in Sources */ = {isa = PBXBuildFile; fileRef = B1DF2CE926F189C600298B1C /* AdicionarEditarViewModel.swift */; };
		B1F36AE527218A3900801F44 /* TrackingBRAppTests.swift in Sources */ = {isa = PBXBuildFile; fileRef = B1F36AE427218A3900801F44 /* TrackingBRAppTests.swift */; };
/* End PBXBuildFile section */

/* Begin PBXContainerItemProxy section */
		B1F36AE627218A3900801F44 /* PBXContainerItemProxy */ = {
			isa = PBXContainerItemProxy;
			containerPortal = B1D60A7A26D3068200BA428C /* Project object */;
			proxyType = 1;
			remoteGlobalIDString = B1D60A8126D3068200BA428C;
			remoteInfo = TrackingBRApp;
		};
/* End PBXContainerItemProxy section */

/* Begin PBXFileReference section */
		B115919E271A049700046829 /* APIError.swift */ = {isa = PBXFileReference; lastKnownFileType = sourcecode.swift; path = APIError.swift; sourceTree = "<group>"; };
		B12154E12738274B00E4A667 /* Requisicao.swift */ = {isa = PBXFileReference; lastKnownFileType = sourcecode.swift; path = Requisicao.swift; sourceTree = "<group>"; };
		B154303F26EAB2DD00772F73 /* ConfiguracoesViewController.swift */ = {isa = PBXFileReference; lastKnownFileType = sourcecode.swift; path = ConfiguracoesViewController.swift; sourceTree = "<group>"; };
		B155C3BB2700CAC600F22EE7 /* TrackingBRApp.docc */ = {isa = PBXFileReference; lastKnownFileType = folder.documentationcatalog; path = TrackingBRApp.docc; sourceTree = "<group>"; };
		B1606D442720EF7900FF575D /* EncomendaParaAdicionarDTO.swift */ = {isa = PBXFileReference; lastKnownFileType = sourcecode.swift; path = EncomendaParaAdicionarDTO.swift; sourceTree = "<group>"; };
		B1606D4B2721838F00FF575D /* GrandeTextField.swift */ = {isa = PBXFileReference; lastKnownFileType = sourcecode.swift; path = GrandeTextField.swift; sourceTree = "<group>"; };
		B182FC83270514D600914A46 /* EncomendaDetalhesViewController.swift */ = {isa = PBXFileReference; lastKnownFileType = sourcecode.swift; path = EncomendaDetalhesViewController.swift; sourceTree = "<group>"; };
		B182FC8527051A4200914A46 /* DetalhesHeaderFooterView.swift */ = {isa = PBXFileReference; lastKnownFileType = sourcecode.swift; path = DetalhesHeaderFooterView.swift; sourceTree = "<group>"; };
		B19C641726E797A100BA03F4 /* GerenciadorCoreData.swift */ = {isa = PBXFileReference; lastKnownFileType = sourcecode.swift; path = GerenciadorCoreData.swift; sourceTree = "<group>"; };
		B19C641D26E79A2A00BA03F4 /* EncomandasList.xcdatamodel */ = {isa = PBXFileReference; lastKnownFileType = wrapper.xcdatamodel; path = EncomandasList.xcdatamodel; sourceTree = "<group>"; };
		B19C642026E7C99200BA03F4 /* AdicionarEditarViewController.swift */ = {isa = PBXFileReference; lastKnownFileType = sourcecode.swift; path = AdicionarEditarViewController.swift; sourceTree = "<group>"; };
		B19C642426E8095000BA03F4 /* TextFieldFactory.swift */ = {isa = PBXFileReference; lastKnownFileType = sourcecode.swift; path = TextFieldFactory.swift; sourceTree = "<group>"; };
		B19C642626E8246300BA03F4 /* AdicionarEditarView.swift */ = {isa = PBXFileReference; lastKnownFileType = sourcecode.swift; path = AdicionarEditarView.swift; sourceTree = "<group>"; };
		B1C42FF626D3972E0004B613 /* Bindable.swift */ = {isa = PBXFileReference; lastKnownFileType = sourcecode.swift; path = Bindable.swift; sourceTree = "<group>"; };
		B1D60A8226D3068200BA428C /* TrackingBRApp.app */ = {isa = PBXFileReference; explicitFileType = wrapper.application; includeInIndex = 0; path = TrackingBRApp.app; sourceTree = BUILT_PRODUCTS_DIR; };
		B1D60A8526D3068200BA428C /* AppDelegate.swift */ = {isa = PBXFileReference; lastKnownFileType = sourcecode.swift; path = AppDelegate.swift; sourceTree = "<group>"; };
		B1D60A8726D3068200BA428C /* SceneDelegate.swift */ = {isa = PBXFileReference; lastKnownFileType = sourcecode.swift; path = SceneDelegate.swift; sourceTree = "<group>"; };
		B1D60A8926D3068200BA428C /* PrincipalViewController.swift */ = {isa = PBXFileReference; lastKnownFileType = sourcecode.swift; path = PrincipalViewController.swift; sourceTree = "<group>"; };
		B1D60A8E26D3068300BA428C /* Assets.xcassets */ = {isa = PBXFileReference; lastKnownFileType = folder.assetcatalog; path = Assets.xcassets; sourceTree = "<group>"; };
		B1D60A9126D3068300BA428C /* Base */ = {isa = PBXFileReference; lastKnownFileType = file.storyboard; name = Base; path = Base.lproj/LaunchScreen.storyboard; sourceTree = "<group>"; };
		B1D60A9326D3068300BA428C /* Info.plist */ = {isa = PBXFileReference; lastKnownFileType = text.plist.xml; path = Info.plist; sourceTree = "<group>"; };
		B1D60A9F26D3079400BA428C /* Rastreio.swift */ = {isa = PBXFileReference; lastKnownFileType = sourcecode.swift; path = Rastreio.swift; sourceTree = "<group>"; };
		B1D60AA126D307F100BA428C /* Repositorio.swift */ = {isa = PBXFileReference; lastKnownFileType = sourcecode.swift; path = Repositorio.swift; sourceTree = "<group>"; };
		B1D60AA326D309D400BA428C /* PrincipalViewModel.swift */ = {isa = PBXFileReference; lastKnownFileType = sourcecode.swift; path = PrincipalViewModel.swift; sourceTree = "<group>"; };
		B1D60AA726D310B700BA428C /* PrincipalView.swift */ = {isa = PBXFileReference; lastKnownFileType = sourcecode.swift; path = PrincipalView.swift; sourceTree = "<group>"; };
		B1D60AAA26D3127000BA428C /* DTFButton.swift */ = {isa = PBXFileReference; lastKnownFileType = sourcecode.swift; path = DTFButton.swift; sourceTree = "<group>"; };
		B1D60AAC26D3127D00BA428C /* DTFLabel.swift */ = {isa = PBXFileReference; lastKnownFileType = sourcecode.swift; path = DTFLabel.swift; sourceTree = "<group>"; };
		B1DF2CE926F189C600298B1C /* AdicionarEditarViewModel.swift */ = {isa = PBXFileReference; lastKnownFileType = sourcecode.swift; path = AdicionarEditarViewModel.swift; sourceTree = "<group>"; };
		B1F36AE227218A3900801F44 /* TrackingBRAppTests.xctest */ = {isa = PBXFileReference; explicitFileType = wrapper.cfbundle; includeInIndex = 0; path = TrackingBRAppTests.xctest; sourceTree = BUILT_PRODUCTS_DIR; };
		B1F36AE427218A3900801F44 /* TrackingBRAppTests.swift */ = {isa = PBXFileReference; lastKnownFileType = sourcecode.swift; path = TrackingBRAppTests.swift; sourceTree = "<group>"; };
/* End PBXFileReference section */

/* Begin PBXFrameworksBuildPhase section */
		B1D60A7F26D3068200BA428C /* Frameworks */ = {
			isa = PBXFrameworksBuildPhase;
			buildActionMask = 2147483647;
			files = (
				B1992770271DDCE100987AD9 /* Atlantis in Frameworks */,
				B1CDE450270A43FB0036CB3C /* Toast in Frameworks */,
			);
			runOnlyForDeploymentPostprocessing = 0;
		};
		B1F36ADF27218A3900801F44 /* Frameworks */ = {
			isa = PBXFrameworksBuildPhase;
			buildActionMask = 2147483647;
			files = (
			);
			runOnlyForDeploymentPostprocessing = 0;
		};
/* End PBXFrameworksBuildPhase section */

/* Begin PBXGroup section */
		B11591A0271A04AE00046829 /* Models */ = {
			isa = PBXGroup;
			children = (
				B115919E271A049700046829 /* APIError.swift */,
			);
			path = Models;
			sourceTree = "<group>";
		};
		B154303E26EAB2BB00772F73 /* Configuracoes */ = {
			isa = PBXGroup;
			children = (
				B154303F26EAB2DD00772F73 /* ConfiguracoesViewController.swift */,
			);
			path = Configuracoes;
			sourceTree = "<group>";
		};
		B1606D462720EF7D00FF575D /* Models */ = {
			isa = PBXGroup;
			children = (
				B1606D442720EF7900FF575D /* EncomendaParaAdicionarDTO.swift */,
			);
			path = Models;
			sourceTree = "<group>";
		};
		B1606D472720EF8900FF575D /* ViewModels */ = {
			isa = PBXGroup;
			children = (
				B1DF2CE926F189C600298B1C /* AdicionarEditarViewModel.swift */,
			);
			path = ViewModels;
			sourceTree = "<group>";
		};
		B1606D482720EF9500FF575D /* Views */ = {
			isa = PBXGroup;
			children = (
				B19C642626E8246300BA03F4 /* AdicionarEditarView.swift */,
			);
			path = Views;
			sourceTree = "<group>";
		};
		B1606D492720EFA200FF575D /* Controllers */ = {
			isa = PBXGroup;
			children = (
				B19C642026E7C99200BA03F4 /* AdicionarEditarViewController.swift */,
			);
			path = Controllers;
			sourceTree = "<group>";
		};
		B1606D4A2721828A00FF575D /* CustomViews */ = {
			isa = PBXGroup;
			children = (
				B1606D4B2721838F00FF575D /* GrandeTextField.swift */,
			);
			path = CustomViews;
			sourceTree = "<group>";
		};
		B182FC82270514B800914A46 /* Detalhes */ = {
			isa = PBXGroup;
			children = (
				B182FC83270514D600914A46 /* EncomendaDetalhesViewController.swift */,
				B182FC8527051A4200914A46 /* DetalhesHeaderFooterView.swift */,
			);
			path = Detalhes;
			sourceTree = "<group>";
		};
		B19C641F26E79A4200BA03F4 /* Armazenamento */ = {
			isa = PBXGroup;
			children = (
				B19C641726E797A100BA03F4 /* GerenciadorCoreData.swift */,
				B19C641C26E79A2A00BA03F4 /* EncomandasList.xcdatamodeld */,
			);
			path = Armazenamento;
			sourceTree = "<group>";
		};
		B19C642226E7C99800BA03F4 /* AdicionarEditar */ = {
			isa = PBXGroup;
			children = (
				B1606D462720EF7D00FF575D /* Models */,
				B1606D472720EF8900FF575D /* ViewModels */,
				B1606D482720EF9500FF575D /* Views */,
				B1606D492720EFA200FF575D /* Controllers */,
			);
			name = AdicionarEditar;
			sourceTree = "<group>";
		};
		B19C642326E8091600BA03F4 /* Protocolos */ = {
			isa = PBXGroup;
			children = (
				B19C642426E8095000BA03F4 /* TextFieldFactory.swift */,
			);
			path = Protocolos;
			sourceTree = "<group>";
		};
		B1D60A7926D3068200BA428C = {
			isa = PBXGroup;
			children = (
				B1D60A8426D3068200BA428C /* TrackingBRApp */,
				B1F36AE327218A3900801F44 /* TrackingBRAppTests */,
				B1D60A8326D3068200BA428C /* Products */,
			);
			sourceTree = "<group>";
		};
		B1D60A8326D3068200BA428C /* Products */ = {
			isa = PBXGroup;
			children = (
				B1D60A8226D3068200BA428C /* TrackingBRApp.app */,
				B1F36AE227218A3900801F44 /* TrackingBRAppTests.xctest */,
			);
			name = Products;
			sourceTree = "<group>";
		};
		B1D60A8426D3068200BA428C /* TrackingBRApp */ = {
			isa = PBXGroup;
			children = (
				B19C641F26E79A4200BA03F4 /* Armazenamento */,
				B1D60AA526D309E200BA428C /* Cenas */,
				B1D60A9926D3068B00BA428C /* Models */,
				B19C642326E8091600BA03F4 /* Protocolos */,
				B1E65EB526D4EC8000141A04 /* Recursos */,
				B1D60A9C26D3071400BA428C /* Servicos */,
				B1E65EB426D4EBF600141A04 /* Views */,
				B155C3BB2700CAC600F22EE7 /* TrackingBRApp.docc */,
			);
			path = TrackingBRApp;
			sourceTree = "<group>";
		};
		B1D60A9926D3068B00BA428C /* Models */ = {
			isa = PBXGroup;
			children = (
				B1D60A9F26D3079400BA428C /* Rastreio.swift */,
				B1C42FF626D3972E0004B613 /* Bindable.swift */,
			);
			path = Models;
			sourceTree = "<group>";
		};
		B1D60A9C26D3071400BA428C /* Servicos */ = {
			isa = PBXGroup;
			children = (
				B1D60AA126D307F100BA428C /* Repositorio.swift */,
				B11591A0271A04AE00046829 /* Models */,
				B12154E12738274B00E4A667 /* Requisicao.swift */,
			);
			path = Servicos;
			sourceTree = "<group>";
		};
		B1D60AA526D309E200BA428C /* Cenas */ = {
			isa = PBXGroup;
			children = (
				B1D60AA626D309FC00BA428C /* Principal */,
				B19C642226E7C99800BA03F4 /* AdicionarEditar */,
				B182FC82270514B800914A46 /* Detalhes */,
				B1606D4A2721828A00FF575D /* CustomViews */,
				B154303E26EAB2BB00772F73 /* Configuracoes */,
			);
			path = Cenas;
			sourceTree = "<group>";
		};
		B1D60AA626D309FC00BA428C /* Principal */ = {
			isa = PBXGroup;
			children = (
				B1D60AA726D310B700BA428C /* PrincipalView.swift */,
				B1D60AA326D309D400BA428C /* PrincipalViewModel.swift */,
				B1D60A8926D3068200BA428C /* PrincipalViewController.swift */,
			);
			path = Principal;
			sourceTree = "<group>";
		};
		B1E65EB426D4EBF600141A04 /* Views */ = {
			isa = PBXGroup;
			children = (
				B1D60AAA26D3127000BA428C /* DTFButton.swift */,
				B1D60AAC26D3127D00BA428C /* DTFLabel.swift */,
			);
			path = Views;
			sourceTree = "<group>";
		};
		B1E65EB526D4EC8000141A04 /* Recursos */ = {
			isa = PBXGroup;
			children = (
				B1D60A8526D3068200BA428C /* AppDelegate.swift */,
				B1D60A8726D3068200BA428C /* SceneDelegate.swift */,
				B1D60A8E26D3068300BA428C /* Assets.xcassets */,
				B1D60A9026D3068300BA428C /* LaunchScreen.storyboard */,
				B1D60A9326D3068300BA428C /* Info.plist */,
			);
			name = Recursos;
			sourceTree = "<group>";
		};
		B1F36AE327218A3900801F44 /* TrackingBRAppTests */ = {
			isa = PBXGroup;
			children = (
				B1F36AE427218A3900801F44 /* TrackingBRAppTests.swift */,
			);
			path = TrackingBRAppTests;
			sourceTree = "<group>";
		};
/* End PBXGroup section */

/* Begin PBXNativeTarget section */
		B1D60A8126D3068200BA428C /* TrackingBRApp */ = {
			isa = PBXNativeTarget;
			buildConfigurationList = B1D60A9626D3068300BA428C /* Build configuration list for PBXNativeTarget "TrackingBRApp" */;
			buildPhases = (
				B1D60A7E26D3068200BA428C /* Sources */,
				B1D60A7F26D3068200BA428C /* Frameworks */,
				B1D60A8026D3068200BA428C /* Resources */,
			);
			buildRules = (
			);
			dependencies = (
			);
			name = TrackingBRApp;
			packageProductDependencies = (
				B1CDE44F270A43FB0036CB3C /* Toast */,
				B199276F271DDCE100987AD9 /* Atlantis */,
			);
			productName = TrackingBR;
			productReference = B1D60A8226D3068200BA428C /* TrackingBRApp.app */;
			productType = "com.apple.product-type.application";
		};
		B1F36AE127218A3900801F44 /* TrackingBRAppTests */ = {
			isa = PBXNativeTarget;
			buildConfigurationList = B1F36AEA27218A3900801F44 /* Build configuration list for PBXNativeTarget "TrackingBRAppTests" */;
			buildPhases = (
				B1F36ADE27218A3900801F44 /* Sources */,
				B1F36ADF27218A3900801F44 /* Frameworks */,
				B1F36AE027218A3900801F44 /* Resources */,
			);
			buildRules = (
			);
			dependencies = (
				B1F36AE727218A3900801F44 /* PBXTargetDependency */,
			);
			name = TrackingBRAppTests;
			productName = TrackingBRAppTests;
			productReference = B1F36AE227218A3900801F44 /* TrackingBRAppTests.xctest */;
			productType = "com.apple.product-type.bundle.unit-test";
		};
/* End PBXNativeTarget section */

/* Begin PBXProject section */
		B1D60A7A26D3068200BA428C /* Project object */ = {
			isa = PBXProject;
			attributes = {
				LastSwiftUpdateCheck = 1300;
				LastUpgradeCheck = 1250;
				TargetAttributes = {
					B1D60A8126D3068200BA428C = {
						CreatedOnToolsVersion = 12.5.1;
					};
					B1F36AE127218A3900801F44 = {
						CreatedOnToolsVersion = 13.0;
						TestTargetID = B1D60A8126D3068200BA428C;
					};
				};
			};
			buildConfigurationList = B1D60A7D26D3068200BA428C /* Build configuration list for PBXProject "TrackingBRApp" */;
			compatibilityVersion = "Xcode 9.3";
			developmentRegion = en;
			hasScannedForEncodings = 0;
			knownRegions = (
				en,
				Base,
			);
			mainGroup = B1D60A7926D3068200BA428C;
			packageReferences = (
				B1CDE44E270A43FB0036CB3C /* XCRemoteSwiftPackageReference "Toast-Swift" */,
				B199276E271DDCE100987AD9 /* XCRemoteSwiftPackageReference "atlantis" */,
			);
			productRefGroup = B1D60A8326D3068200BA428C /* Products */;
			projectDirPath = "";
			projectRoot = "";
			targets = (
				B1D60A8126D3068200BA428C /* TrackingBRApp */,
				B1F36AE127218A3900801F44 /* TrackingBRAppTests */,
			);
		};
/* End PBXProject section */

/* Begin PBXResourcesBuildPhase section */
		B1D60A8026D3068200BA428C /* Resources */ = {
			isa = PBXResourcesBuildPhase;
			buildActionMask = 2147483647;
			files = (
				B1D60A9226D3068300BA428C /* LaunchScreen.storyboard in Resources */,
				B1D60A8F26D3068300BA428C /* Assets.xcassets in Resources */,
			);
			runOnlyForDeploymentPostprocessing = 0;
		};
		B1F36AE027218A3900801F44 /* Resources */ = {
			isa = PBXResourcesBuildPhase;
			buildActionMask = 2147483647;
			files = (
			);
			runOnlyForDeploymentPostprocessing = 0;
		};
/* End PBXResourcesBuildPhase section */

/* Begin PBXSourcesBuildPhase section */
		B1D60A7E26D3068200BA428C /* Sources */ = {
			isa = PBXSourcesBuildPhase;
			buildActionMask = 2147483647;
			files = (
				B12154E22738274B00E4A667 /* Requisicao.swift in Sources */,
				B1DF2CEA26F189C600298B1C /* AdicionarEditarViewModel.swift in Sources */,
				B19C642526E8095000BA03F4 /* TextFieldFactory.swift in Sources */,
				B1D60A8A26D3068200BA428C /* PrincipalViewController.swift in Sources */,
				B1D60AA426D309D400BA428C /* PrincipalViewModel.swift in Sources */,
				B19C641826E797A100BA03F4 /* GerenciadorCoreData.swift in Sources */,
				B1D60A8626D3068200BA428C /* AppDelegate.swift in Sources */,
				B19C642126E7C99200BA03F4 /* AdicionarEditarViewController.swift in Sources */,
				B1606D4C2721838F00FF575D /* GrandeTextField.swift in Sources */,
				B1D60AA226D307F100BA428C /* Repositorio.swift in Sources */,
				B1D60AAB26D3127000BA428C /* DTFButton.swift in Sources */,
				B19C642726E8246300BA03F4 /* AdicionarEditarView.swift in Sources */,
				B154304026EAB2DD00772F73 /* ConfiguracoesViewController.swift in Sources */,
				B1606D452720EF7900FF575D /* EncomendaParaAdicionarDTO.swift in Sources */,
				B182FC8627051A4200914A46 /* DetalhesHeaderFooterView.swift in Sources */,
				B1D60AA026D3079400BA428C /* Rastreio.swift in Sources */,
				B1C42FF726D3972E0004B613 /* Bindable.swift in Sources */,
				B182FC84270514D600914A46 /* EncomendaDetalhesViewController.swift in Sources */,
				B19C641E26E79A2A00BA03F4 /* EncomandasList.xcdatamodeld in Sources */,
				B155C3BC2700CAC600F22EE7 /* TrackingBRApp.docc in Sources */,
				B1D60AA826D310B700BA428C /* PrincipalView.swift in Sources */,
				B1D60AAD26D3127D00BA428C /* DTFLabel.swift in Sources */,
				B1D60A8826D3068200BA428C /* SceneDelegate.swift in Sources */,
				B115919F271A049700046829 /* APIError.swift in Sources */,
			);
			runOnlyForDeploymentPostprocessing = 0;
		};
		B1F36ADE27218A3900801F44 /* Sources */ = {
			isa = PBXSourcesBuildPhase;
			buildActionMask = 2147483647;
			files = (
				B1F36AE527218A3900801F44 /* TrackingBRAppTests.swift in Sources */,
			);
			runOnlyForDeploymentPostprocessing = 0;
		};
/* End PBXSourcesBuildPhase section */

/* Begin PBXTargetDependency section */
		B1F36AE727218A3900801F44 /* PBXTargetDependency */ = {
			isa = PBXTargetDependency;
			target = B1D60A8126D3068200BA428C /* TrackingBRApp */;
			targetProxy = B1F36AE627218A3900801F44 /* PBXContainerItemProxy */;
		};
/* End PBXTargetDependency section */

/* Begin PBXVariantGroup section */
		B1D60A9026D3068300BA428C /* LaunchScreen.storyboard */ = {
			isa = PBXVariantGroup;
			children = (
				B1D60A9126D3068300BA428C /* Base */,
			);
			name = LaunchScreen.storyboard;
			sourceTree = "<group>";
		};
/* End PBXVariantGroup section */

/* Begin XCBuildConfiguration section */
		B1D60A9426D3068300BA428C /* Debug */ = {
			isa = XCBuildConfiguration;
			buildSettings = {
				ALWAYS_SEARCH_USER_PATHS = NO;
				CLANG_ANALYZER_NONNULL = YES;
				CLANG_ANALYZER_NUMBER_OBJECT_CONVERSION = YES_AGGRESSIVE;
				CLANG_CXX_LANGUAGE_STANDARD = "gnu++14";
				CLANG_CXX_LIBRARY = "libc++";
				CLANG_ENABLE_MODULES = YES;
				CLANG_ENABLE_OBJC_ARC = YES;
				CLANG_ENABLE_OBJC_WEAK = YES;
				CLANG_WARN_BLOCK_CAPTURE_AUTORELEASING = YES;
				CLANG_WARN_BOOL_CONVERSION = YES;
				CLANG_WARN_COMMA = YES;
				CLANG_WARN_CONSTANT_CONVERSION = YES;
				CLANG_WARN_DEPRECATED_OBJC_IMPLEMENTATIONS = YES;
				CLANG_WARN_DIRECT_OBJC_ISA_USAGE = YES_ERROR;
				CLANG_WARN_DOCUMENTATION_COMMENTS = YES;
				CLANG_WARN_EMPTY_BODY = YES;
				CLANG_WARN_ENUM_CONVERSION = YES;
				CLANG_WARN_INFINITE_RECURSION = YES;
				CLANG_WARN_INT_CONVERSION = YES;
				CLANG_WARN_NON_LITERAL_NULL_CONVERSION = YES;
				CLANG_WARN_OBJC_IMPLICIT_RETAIN_SELF = YES;
				CLANG_WARN_OBJC_LITERAL_CONVERSION = YES;
				CLANG_WARN_OBJC_ROOT_CLASS = YES_ERROR;
				CLANG_WARN_QUOTED_INCLUDE_IN_FRAMEWORK_HEADER = YES;
				CLANG_WARN_RANGE_LOOP_ANALYSIS = YES;
				CLANG_WARN_STRICT_PROTOTYPES = YES;
				CLANG_WARN_SUSPICIOUS_MOVE = YES;
				CLANG_WARN_UNGUARDED_AVAILABILITY = YES_AGGRESSIVE;
				CLANG_WARN_UNREACHABLE_CODE = YES;
				CLANG_WARN__DUPLICATE_METHOD_MATCH = YES;
				COPY_PHASE_STRIP = NO;
				DEBUG_INFORMATION_FORMAT = dwarf;
				ENABLE_STRICT_OBJC_MSGSEND = YES;
				ENABLE_TESTABILITY = YES;
				GCC_C_LANGUAGE_STANDARD = gnu11;
				GCC_DYNAMIC_NO_PIC = NO;
				GCC_NO_COMMON_BLOCKS = YES;
				GCC_OPTIMIZATION_LEVEL = 0;
				GCC_PREPROCESSOR_DEFINITIONS = (
					"DEBUG=1",
					"$(inherited)",
				);
				GCC_WARN_64_TO_32_BIT_CONVERSION = YES;
				GCC_WARN_ABOUT_RETURN_TYPE = YES_ERROR;
				GCC_WARN_UNDECLARED_SELECTOR = YES;
				GCC_WARN_UNINITIALIZED_AUTOS = YES_AGGRESSIVE;
				GCC_WARN_UNUSED_FUNCTION = YES;
				GCC_WARN_UNUSED_VARIABLE = YES;
				IPHONEOS_DEPLOYMENT_TARGET = 15.0;
				MTL_ENABLE_DEBUG_INFO = INCLUDE_SOURCE;
				MTL_FAST_MATH = YES;
				ONLY_ACTIVE_ARCH = YES;
				SDKROOT = iphoneos;
				SWIFT_ACTIVE_COMPILATION_CONDITIONS = DEBUG;
				SWIFT_OPTIMIZATION_LEVEL = "-Onone";
			};
			name = Debug;
		};
		B1D60A9526D3068300BA428C /* Release */ = {
			isa = XCBuildConfiguration;
			buildSettings = {
				ALWAYS_SEARCH_USER_PATHS = NO;
				CLANG_ANALYZER_NONNULL = YES;
				CLANG_ANALYZER_NUMBER_OBJECT_CONVERSION = YES_AGGRESSIVE;
				CLANG_CXX_LANGUAGE_STANDARD = "gnu++14";
				CLANG_CXX_LIBRARY = "libc++";
				CLANG_ENABLE_MODULES = YES;
				CLANG_ENABLE_OBJC_ARC = YES;
				CLANG_ENABLE_OBJC_WEAK = YES;
				CLANG_WARN_BLOCK_CAPTURE_AUTORELEASING = YES;
				CLANG_WARN_BOOL_CONVERSION = YES;
				CLANG_WARN_COMMA = YES;
				CLANG_WARN_CONSTANT_CONVERSION = YES;
				CLANG_WARN_DEPRECATED_OBJC_IMPLEMENTATIONS = YES;
				CLANG_WARN_DIRECT_OBJC_ISA_USAGE = YES_ERROR;
				CLANG_WARN_DOCUMENTATION_COMMENTS = YES;
				CLANG_WARN_EMPTY_BODY = YES;
				CLANG_WARN_ENUM_CONVERSION = YES;
				CLANG_WARN_INFINITE_RECURSION = YES;
				CLANG_WARN_INT_CONVERSION = YES;
				CLANG_WARN_NON_LITERAL_NULL_CONVERSION = YES;
				CLANG_WARN_OBJC_IMPLICIT_RETAIN_SELF = YES;
				CLANG_WARN_OBJC_LITERAL_CONVERSION = YES;
				CLANG_WARN_OBJC_ROOT_CLASS = YES_ERROR;
				CLANG_WARN_QUOTED_INCLUDE_IN_FRAMEWORK_HEADER = YES;
				CLANG_WARN_RANGE_LOOP_ANALYSIS = YES;
				CLANG_WARN_STRICT_PROTOTYPES = YES;
				CLANG_WARN_SUSPICIOUS_MOVE = YES;
				CLANG_WARN_UNGUARDED_AVAILABILITY = YES_AGGRESSIVE;
				CLANG_WARN_UNREACHABLE_CODE = YES;
				CLANG_WARN__DUPLICATE_METHOD_MATCH = YES;
				COPY_PHASE_STRIP = NO;
				DEBUG_INFORMATION_FORMAT = "dwarf-with-dsym";
				ENABLE_NS_ASSERTIONS = NO;
				ENABLE_STRICT_OBJC_MSGSEND = YES;
				GCC_C_LANGUAGE_STANDARD = gnu11;
				GCC_NO_COMMON_BLOCKS = YES;
				GCC_WARN_64_TO_32_BIT_CONVERSION = YES;
				GCC_WARN_ABOUT_RETURN_TYPE = YES_ERROR;
				GCC_WARN_UNDECLARED_SELECTOR = YES;
				GCC_WARN_UNINITIALIZED_AUTOS = YES_AGGRESSIVE;
				GCC_WARN_UNUSED_FUNCTION = YES;
				GCC_WARN_UNUSED_VARIABLE = YES;
				IPHONEOS_DEPLOYMENT_TARGET = 15.0;
				MTL_ENABLE_DEBUG_INFO = NO;
				MTL_FAST_MATH = YES;
				SDKROOT = iphoneos;
				SWIFT_COMPILATION_MODE = wholemodule;
				SWIFT_OPTIMIZATION_LEVEL = "-O";
				VALIDATE_PRODUCT = YES;
			};
			name = Release;
		};
		B1D60A9726D3068300BA428C /* Debug */ = {
			isa = XCBuildConfiguration;
			buildSettings = {
				ASSETCATALOG_COMPILER_APPICON_NAME = AppIcon;
				ASSETCATALOG_COMPILER_GLOBAL_ACCENT_COLOR_NAME = AccentColor;
				CODE_SIGN_STYLE = Automatic;
				DEVELOPMENT_TEAM = LSUFS2V6U6;
				INFOPLIST_FILE = TrackingBRApp/Info.plist;
				LD_RUNPATH_SEARCH_PATHS = (
					"$(inherited)",
					"@executable_path/Frameworks",
				);
				PRODUCT_BUNDLE_IDENTIFIER = com.dairan2.TrackingBRApp;
				PRODUCT_NAME = "$(TARGET_NAME)";
				SWIFT_VERSION = 5.0;
				TARGETED_DEVICE_FAMILY = "1,2";
			};
			name = Debug;
		};
		B1D60A9826D3068300BA428C /* Release */ = {
			isa = XCBuildConfiguration;
			buildSettings = {
				ASSETCATALOG_COMPILER_APPICON_NAME = AppIcon;
				ASSETCATALOG_COMPILER_GLOBAL_ACCENT_COLOR_NAME = AccentColor;
				CODE_SIGN_STYLE = Automatic;
				DEVELOPMENT_TEAM = LSUFS2V6U6;
				INFOPLIST_FILE = TrackingBRApp/Info.plist;
				LD_RUNPATH_SEARCH_PATHS = (
					"$(inherited)",
					"@executable_path/Frameworks",
				);
				PRODUCT_BUNDLE_IDENTIFIER = com.dairan2.TrackingBRApp;
				PRODUCT_NAME = "$(TARGET_NAME)";
				SWIFT_VERSION = 5.0;
				TARGETED_DEVICE_FAMILY = "1,2";
			};
			name = Release;
		};
		B1F36AE827218A3900801F44 /* Debug */ = {
			isa = XCBuildConfiguration;
			buildSettings = {
				BUNDLE_LOADER = "$(TEST_HOST)";
				CLANG_CXX_LANGUAGE_STANDARD = "gnu++17";
				CODE_SIGN_STYLE = Automatic;
				CURRENT_PROJECT_VERSION = 1;
				GENERATE_INFOPLIST_FILE = YES;
				LD_RUNPATH_SEARCH_PATHS = (
					"$(inherited)",
					"@executable_path/Frameworks",
					"@loader_path/Frameworks",
				);
				MARKETING_VERSION = 1.0;
				PRODUCT_BUNDLE_IDENTIFIER = "com.devpass.ViewCodeChallenge-RealEstateTests.TrackingBRAppTests";
				PRODUCT_NAME = "$(TARGET_NAME)";
				SWIFT_EMIT_LOC_STRINGS = NO;
				SWIFT_VERSION = 5.0;
				TARGETED_DEVICE_FAMILY = "1,2";
				TEST_HOST = "$(BUILT_PRODUCTS_DIR)/TrackingBRApp.app/TrackingBRApp";
			};
			name = Debug;
		};
		B1F36AE927218A3900801F44 /* Release */ = {
			isa = XCBuildConfiguration;
			buildSettings = {
				BUNDLE_LOADER = "$(TEST_HOST)";
				CLANG_CXX_LANGUAGE_STANDARD = "gnu++17";
				CODE_SIGN_STYLE = Automatic;
				CURRENT_PROJECT_VERSION = 1;
				GENERATE_INFOPLIST_FILE = YES;
				LD_RUNPATH_SEARCH_PATHS = (
					"$(inherited)",
					"@executable_path/Frameworks",
					"@loader_path/Frameworks",
				);
				MARKETING_VERSION = 1.0;
				PRODUCT_BUNDLE_IDENTIFIER = "com.devpass.ViewCodeChallenge-RealEstateTests.TrackingBRAppTests";
				PRODUCT_NAME = "$(TARGET_NAME)";
				SWIFT_EMIT_LOC_STRINGS = NO;
				SWIFT_VERSION = 5.0;
				TARGETED_DEVICE_FAMILY = "1,2";
				TEST_HOST = "$(BUILT_PRODUCTS_DIR)/TrackingBRApp.app/TrackingBRApp";
			};
			name = Release;
		};
/* End XCBuildConfiguration section */

/* Begin XCConfigurationList section */
		B1D60A7D26D3068200BA428C /* Build configuration list for PBXProject "TrackingBRApp" */ = {
			isa = XCConfigurationList;
			buildConfigurations = (
				B1D60A9426D3068300BA428C /* Debug */,
				B1D60A9526D3068300BA428C /* Release */,
			);
			defaultConfigurationIsVisible = 0;
			defaultConfigurationName = Release;
		};
		B1D60A9626D3068300BA428C /* Build configuration list for PBXNativeTarget "TrackingBRApp" */ = {
			isa = XCConfigurationList;
			buildConfigurations = (
				B1D60A9726D3068300BA428C /* Debug */,
				B1D60A9826D3068300BA428C /* Release */,
			);
			defaultConfigurationIsVisible = 0;
			defaultConfigurationName = Release;
		};
		B1F36AEA27218A3900801F44 /* Build configuration list for PBXNativeTarget "TrackingBRAppTests" */ = {
			isa = XCConfigurationList;
			buildConfigurations = (
				B1F36AE827218A3900801F44 /* Debug */,
				B1F36AE927218A3900801F44 /* Release */,
			);
			defaultConfigurationIsVisible = 0;
			defaultConfigurationName = Release;
		};
/* End XCConfigurationList section */

/* Begin XCRemoteSwiftPackageReference section */
		B199276E271DDCE100987AD9 /* XCRemoteSwiftPackageReference "atlantis" */ = {
			isa = XCRemoteSwiftPackageReference;
			repositoryURL = "https://github.com/ProxymanApp/atlantis";
			requirement = {
				kind = upToNextMajorVersion;
				minimumVersion = 1.0.0;
			};
		};
		B1CDE44E270A43FB0036CB3C /* XCRemoteSwiftPackageReference "Toast-Swift" */ = {
			isa = XCRemoteSwiftPackageReference;
			repositoryURL = "https://github.com/BastiaanJansen/Toast-Swift.git";
			requirement = {
				kind = upToNextMajorVersion;
				minimumVersion = 1.0.0;
			};
		};
/* End XCRemoteSwiftPackageReference section */

/* Begin XCSwiftPackageProductDependency section */
		B199276F271DDCE100987AD9 /* Atlantis */ = {
			isa = XCSwiftPackageProductDependency;
			package = B199276E271DDCE100987AD9 /* XCRemoteSwiftPackageReference "atlantis" */;
			productName = Atlantis;
		};
		B1CDE44F270A43FB0036CB3C /* Toast */ = {
			isa = XCSwiftPackageProductDependency;
			package = B1CDE44E270A43FB0036CB3C /* XCRemoteSwiftPackageReference "Toast-Swift" */;
			productName = Toast;
		};
/* End XCSwiftPackageProductDependency section */

/* Begin XCVersionGroup section */
		B19C641C26E79A2A00BA03F4 /* EncomandasList.xcdatamodeld */ = {
			isa = XCVersionGroup;
			children = (
				B19C641D26E79A2A00BA03F4 /* EncomandasList.xcdatamodel */,
			);
			currentVersion = B19C641D26E79A2A00BA03F4 /* EncomandasList.xcdatamodel */;
			path = EncomandasList.xcdatamodeld;
			sourceTree = "<group>";
			versionGroupType = wrapper.xcdatamodel;
		};
/* End XCVersionGroup section */
	};
	rootObject = B1D60A7A26D3068200BA428C /* Project object */;
}
